
Microsoft Visual Studio Solution File, Format Version 12.00
# Visual Studio Version 16
VisualStudioVersion = 16.0.810.11
MinimumVisualStudioVersion = 10.0.40219.1
Project("{F2A71F9B-5D33-465A-A702-920D77279786}") = "VkAdminBot", "VkAdminBot\VkAdminBot.fsproj", "{0C736BF0-AFB9-4BA0-B049-2D9974013CE1}"
EndProject
Global
	GlobalSection(SolutionConfigurationPlatforms) = preSolution
		Debug|Any CPU = Debug|Any CPU
		Release|Any CPU = Release|Any CPU
	EndGlobalSection
	GlobalSection(ProjectConfigurationPlatforms) = postSolution
		{0C736BF0-AFB9-4BA0-B049-2D9974013CE1}.Debug|Any CPU.ActiveCfg = Debug|Any CPU
		{0C736BF0-AFB9-4BA0-B049-2D9974013CE1}.Debug|Any CPU.Build.0 = Debug|Any CPU
		{0C736BF0-AFB9-4BA0-B049-2D9974013CE1}.Release|Any CPU.ActiveCfg = Release|Any CPU
		{0C736BF0-AFB9-4BA0-B049-2D9974013CE1}.Release|Any CPU.Build.0 = Release|Any CPU
	EndGlobalSection
	GlobalSection(SolutionProperties) = preSolution
		HideSolutionNode = FALSE
	EndGlobalSection
	GlobalSection(ExtensibilityGlobals) = postSolution
		SolutionGuid = {0F619655-7EDC-4CFE-85F1-4B46DE69F40A}
	EndGlobalSection
EndGlobal
